
Microsoft Visual Studio Solution File, Format Version 12.00
# Visual Studio Version 17
VisualStudioVersion = 17.13.35825.156 d17.13
MinimumVisualStudioVersion = 10.0.40219.1
Project("{FAE04EC0-301F-11D3-BF4B-00C04F79EFBC}") = "DataBaseAttachingTest", "DataBaseAttachingTest\DataBaseAttachingTest.csproj", "{B3B2BB11-60C2-40A2-98BD-839C60C3DE75}"
EndProject
Global
	GlobalSection(SolutionConfigurationPlatforms) = preSolution
		Debug|Any CPU = Debug|Any CPU
		Release|Any CPU = Release|Any CPU
	EndGlobalSection
	GlobalSection(ProjectConfigurationPlatforms) = postSolution
		{B3B2BB11-60C2-40A2-98BD-839C60C3DE75}.Debug|Any CPU.ActiveCfg = Debug|Any CPU
		{B3B2BB11-60C2-40A2-98BD-839C60C3DE75}.Debug|Any CPU.Build.0 = Debug|Any CPU
		{B3B2BB11-60C2-40A2-98BD-839C60C3DE75}.Release|Any CPU.ActiveCfg = Release|Any CPU
		{B3B2BB11-60C2-40A2-98BD-839C60C3DE75}.Release|Any CPU.Build.0 = Release|Any CPU
	EndGlobalSection
	GlobalSection(SolutionProperties) = preSolution
		HideSolutionNode = FALSE
	EndGlobalSection
	GlobalSection(ExtensibilityGlobals) = postSolution
		SolutionGuid = {29771EEB-4E4E-46CA-9A09-C252CF2E8A8C}
	EndGlobalSection
EndGlobal
